// !$*UTF8*$!
{
	archiveVersion = 1;
	classes = {
	};
	objectVersion = 56;
	objects = {

/* Begin PBXBuildFile section */
		329EA9E829AC083A00FD3C84 /* GuessTheFlagApp.swift in Sources */ = {isa = PBXBuildFile; fileRef = 329EA9E729AC083A00FD3C84 /* GuessTheFlagApp.swift */; };
		329EA9EA29AC083A00FD3C84 /* ContentView.swift in Sources */ = {isa = PBXBuildFile; fileRef = 329EA9E929AC083A00FD3C84 /* ContentView.swift */; };
		329EA9EC29AC083B00FD3C84 /* Assets.xcassets in Resources */ = {isa = PBXBuildFile; fileRef = 329EA9EB29AC083B00FD3C84 /* Assets.xcassets */; };
		329EA9F029AC083B00FD3C84 /* Preview Assets.xcassets in Resources */ = {isa = PBXBuildFile; fileRef = 329EA9EF29AC083B00FD3C84 /* Preview Assets.xcassets */; };
		329EA9FA29AC083C00FD3C84 /* GuessTheFlagTests.swift in Sources */ = {isa = PBXBuildFile; fileRef = 329EA9F929AC083C00FD3C84 /* GuessTheFlagTests.swift */; };
		329EAA0429AC083C00FD3C84 /* GuessTheFlagUITests.swift in Sources */ = {isa = PBXBuildFile; fileRef = 329EAA0329AC083C00FD3C84 /* GuessTheFlagUITests.swift */; };
		329EAA0629AC083C00FD3C84 /* GuessTheFlagUITestsLaunchTests.swift in Sources */ = {isa = PBXBuildFile; fileRef = 329EAA0529AC083C00FD3C84 /* GuessTheFlagUITestsLaunchTests.swift */; };
/* End PBXBuildFile section */

/* Begin PBXContainerItemProxy section */
		329EA9F629AC083C00FD3C84 /* PBXContainerItemProxy */ = {
			isa = PBXContainerItemProxy;
			containerPortal = 329EA9DC29AC083A00FD3C84 /* Project object */;
			proxyType = 1;
			remoteGlobalIDString = 329EA9E329AC083A00FD3C84;
			remoteInfo = GuessTheFlag;
		};
		329EAA0029AC083C00FD3C84 /* PBXContainerItemProxy */ = {
			isa = PBXContainerItemProxy;
			containerPortal = 329EA9DC29AC083A00FD3C84 /* Project object */;
			proxyType = 1;
			remoteGlobalIDString = 329EA9E329AC083A00FD3C84;
			remoteInfo = GuessTheFlag;
		};
/* End PBXContainerItemProxy section */

/* Begin PBXFileReference section */
		329EA9E429AC083A00FD3C84 /* GuessTheFlag.app */ = {isa = PBXFileReference; explicitFileType = wrapper.application; includeInIndex = 0; path = GuessTheFlag.app; sourceTree = BUILT_PRODUCTS_DIR; };
		329EA9E729AC083A00FD3C84 /* GuessTheFlagApp.swift */ = {isa = PBXFileReference; lastKnownFileType = sourcecode.swift; path = GuessTheFlagApp.swift; sourceTree = "<group>"; };
		329EA9E929AC083A00FD3C84 /* ContentView.swift */ = {isa = PBXFileReference; lastKnownFileType = sourcecode.swift; path = ContentView.swift; sourceTree = "<group>"; };
		329EA9EB29AC083B00FD3C84 /* Assets.xcassets */ = {isa = PBXFileReference; lastKnownFileType = folder.assetcatalog; path = Assets.xcassets; sourceTree = "<group>"; };
		329EA9ED29AC083B00FD3C84 /* GuessTheFlag.entitlements */ = {isa = PBXFileReference; lastKnownFileType = text.plist.entitlements; path = GuessTheFlag.entitlements; sourceTree = "<group>"; };
		329EA9EF29AC083B00FD3C84 /* Preview Assets.xcassets */ = {isa = PBXFileReference; lastKnownFileType = folder.assetcatalog; path = "Preview Assets.xcassets"; sourceTree = "<group>"; };
		329EA9F529AC083C00FD3C84 /* GuessTheFlagTests.xctest */ = {isa = PBXFileReference; explicitFileType = wrapper.cfbundle; includeInIndex = 0; path = GuessTheFlagTests.xctest; sourceTree = BUILT_PRODUCTS_DIR; };
		329EA9F929AC083C00FD3C84 /* GuessTheFlagTests.swift */ = {isa = PBXFileReference; lastKnownFileType = sourcecode.swift; path = GuessTheFlagTests.swift; sourceTree = "<group>"; };
		329EA9FF29AC083C00FD3C84 /* GuessTheFlagUITests.xctest */ = {isa = PBXFileReference; explicitFileType = wrapper.cfbundle; includeInIndex = 0; path = GuessTheFlagUITests.xctest; sourceTree = BUILT_PRODUCTS_DIR; };
		329EAA0329AC083C00FD3C84 /* GuessTheFlagUITests.swift */ = {isa = PBXFileReference; lastKnownFileType = sourcecode.swift; path = GuessTheFlagUITests.swift; sourceTree = "<group>"; };
		329EAA0529AC083C00FD3C84 /* GuessTheFlagUITestsLaunchTests.swift */ = {isa = PBXFileReference; lastKnownFileType = sourcecode.swift; path = GuessTheFlagUITestsLaunchTests.swift; sourceTree = "<group>"; };
/* End PBXFileReference section */

/* Begin PBXFrameworksBuildPhase section */
		329EA9E129AC083A00FD3C84 /* Frameworks */ = {
			isa = PBXFrameworksBuildPhase;
			buildActionMask = 2147483647;
			files = (
			);
			runOnlyForDeploymentPostprocessing = 0;
		};
		329EA9F229AC083C00FD3C84 /* Frameworks */ = {
			isa = PBXFrameworksBuildPhase;
			buildActionMask = 2147483647;
			files = (
			);
			runOnlyForDeploymentPostprocessing = 0;
		};
		329EA9FC29AC083C00FD3C84 /* Frameworks */ = {
			isa = PBXFrameworksBuildPhase;
			buildActionMask = 2147483647;
			files = (
			);
			runOnlyForDeploymentPostprocessing = 0;
		};
/* End PBXFrameworksBuildPhase section */

/* Begin PBXGroup section */
		329EA9DB29AC083A00FD3C84 = {
			isa = PBXGroup;
			children = (
				329EA9E629AC083A00FD3C84 /* GuessTheFlag */,
				329EA9F829AC083C00FD3C84 /* GuessTheFlagTests */,
				329EAA0229AC083C00FD3C84 /* GuessTheFlagUITests */,
				329EA9E529AC083A00FD3C84 /* Products */,
			);
			sourceTree = "<group>";
		};
		329EA9E529AC083A00FD3C84 /* Products */ = {
			isa = PBXGroup;
			children = (
				329EA9E429AC083A00FD3C84 /* GuessTheFlag.app */,
				329EA9F529AC083C00FD3C84 /* GuessTheFlagTests.xctest */,
				329EA9FF29AC083C00FD3C84 /* GuessTheFlagUITests.xctest */,
			);
			name = Products;
			sourceTree = "<group>";
		};
		329EA9E629AC083A00FD3C84 /* GuessTheFlag */ = {
			isa = PBXGroup;
			children = (
				329EA9E729AC083A00FD3C84 /* GuessTheFlagApp.swift */,
				329EA9E929AC083A00FD3C84 /* ContentView.swift */,
				329EA9EB29AC083B00FD3C84 /* Assets.xcassets */,
				329EA9ED29AC083B00FD3C84 /* GuessTheFlag.entitlements */,
				329EA9EE29AC083B00FD3C84 /* Preview Content */,
			);
			path = GuessTheFlag;
			sourceTree = "<group>";
		};
		329EA9EE29AC083B00FD3C84 /* Preview Content */ = {
			isa = PBXGroup;
			children = (
				329EA9EF29AC083B00FD3C84 /* Preview Assets.xcassets */,
			);
			path = "Preview Content";
			sourceTree = "<group>";
		};
		329EA9F829AC083C00FD3C84 /* GuessTheFlagTests */ = {
			isa = PBXGroup;
			children = (
				329EA9F929AC083C00FD3C84 /* GuessTheFlagTests.swift */,
			);
			path = GuessTheFlagTests;
			sourceTree = "<group>";
		};
		329EAA0229AC083C00FD3C84 /* GuessTheFlagUITests */ = {
			isa = PBXGroup;
			children = (
				329EAA0329AC083C00FD3C84 /* GuessTheFlagUITests.swift */,
				329EAA0529AC083C00FD3C84 /* GuessTheFlagUITestsLaunchTests.swift */,
			);
			path = GuessTheFlagUITests;
			sourceTree = "<group>";
		};
/* End PBXGroup section */

/* Begin PBXNativeTarget section */
		329EA9E329AC083A00FD3C84 /* GuessTheFlag */ = {
			isa = PBXNativeTarget;
			buildConfigurationList = 329EAA0929AC083C00FD3C84 /* Build configuration list for PBXNativeTarget "GuessTheFlag" */;
			buildPhases = (
				329EA9E029AC083A00FD3C84 /* Sources */,
				329EA9E129AC083A00FD3C84 /* Frameworks */,
				329EA9E229AC083A00FD3C84 /* Resources */,
			);
			buildRules = (
			);
			dependencies = (
			);
			name = GuessTheFlag;
			productName = GuessTheFlag;
			productReference = 329EA9E429AC083A00FD3C84 /* GuessTheFlag.app */;
			productType = "com.apple.product-type.application";
		};
		329EA9F429AC083C00FD3C84 /* GuessTheFlagTests */ = {
			isa = PBXNativeTarget;
			buildConfigurationList = 329EAA0C29AC083C00FD3C84 /* Build configuration list for PBXNativeTarget "GuessTheFlagTests" */;
			buildPhases = (
				329EA9F129AC083C00FD3C84 /* Sources */,
				329EA9F229AC083C00FD3C84 /* Frameworks */,
				329EA9F329AC083C00FD3C84 /* Resources */,
			);
			buildRules = (
			);
			dependencies = (
				329EA9F729AC083C00FD3C84 /* PBXTargetDependency */,
			);
			name = GuessTheFlagTests;
			productName = GuessTheFlagTests;
			productReference = 329EA9F529AC083C00FD3C84 /* GuessTheFlagTests.xctest */;
			productType = "com.apple.product-type.bundle.unit-test";
		};
		329EA9FE29AC083C00FD3C84 /* GuessTheFlagUITests */ = {
			isa = PBXNativeTarget;
			buildConfigurationList = 329EAA0F29AC083C00FD3C84 /* Build configuration list for PBXNativeTarget "GuessTheFlagUITests" */;
			buildPhases = (
				329EA9FB29AC083C00FD3C84 /* Sources */,
				329EA9FC29AC083C00FD3C84 /* Frameworks */,
				329EA9FD29AC083C00FD3C84 /* Resources */,
			);
			buildRules = (
			);
			dependencies = (
				329EAA0129AC083C00FD3C84 /* PBXTargetDependency */,
			);
			name = GuessTheFlagUITests;
			productName = GuessTheFlagUITests;
			productReference = 329EA9FF29AC083C00FD3C84 /* GuessTheFlagUITests.xctest */;
			productType = "com.apple.product-type.bundle.ui-testing";
		};
/* End PBXNativeTarget section */

/* Begin PBXProject section */
		329EA9DC29AC083A00FD3C84 /* Project object */ = {
			isa = PBXProject;
			attributes = {
				BuildIndependentTargetsInParallel = 1;
				LastSwiftUpdateCheck = 1420;
				LastUpgradeCheck = 1420;
				TargetAttributes = {
					329EA9E329AC083A00FD3C84 = {
						CreatedOnToolsVersion = 14.2;
					};
					329EA9F429AC083C00FD3C84 = {
						CreatedOnToolsVersion = 14.2;
						TestTargetID = 329EA9E329AC083A00FD3C84;
					};
					329EA9FE29AC083C00FD3C84 = {
						CreatedOnToolsVersion = 14.2;
						TestTargetID = 329EA9E329AC083A00FD3C84;
					};
				};
			};
			buildConfigurationList = 329EA9DF29AC083A00FD3C84 /* Build configuration list for PBXProject "GuessTheFlag" */;
			compatibilityVersion = "Xcode 14.0";
			developmentRegion = en;
			hasScannedForEncodings = 0;
			knownRegions = (
				en,
				Base,
			);
			mainGroup = 329EA9DB29AC083A00FD3C84;
			productRefGroup = 329EA9E529AC083A00FD3C84 /* Products */;
			projectDirPath = "";
			projectRoot = "";
			targets = (
				329EA9E329AC083A00FD3C84 /* GuessTheFlag */,
				329EA9F429AC083C00FD3C84 /* GuessTheFlagTests */,
				329EA9FE29AC083C00FD3C84 /* GuessTheFlagUITests */,
			);
		};
/* End PBXProject section */

/* Begin PBXResourcesBuildPhase section */
		329EA9E229AC083A00FD3C84 /* Resources */ = {
			isa = PBXResourcesBuildPhase;
			buildActionMask = 2147483647;
			files = (
				329EA9F029AC083B00FD3C84 /* Preview Assets.xcassets in Resources */,
				329EA9EC29AC083B00FD3C84 /* Assets.xcassets in Resources */,
			);
			runOnlyForDeploymentPostprocessing = 0;
		};
		329EA9F329AC083C00FD3C84 /* Resources */ = {
			isa = PBXResourcesBuildPhase;
			buildActionMask = 2147483647;
			files = (
			);
			runOnlyForDeploymentPostprocessing = 0;
		};
		329EA9FD29AC083C00FD3C84 /* Resources */ = {
			isa = PBXResourcesBuildPhase;
			buildActionMask = 2147483647;
			files = (
			);
			runOnlyForDeploymentPostprocessing = 0;
		};
/* End PBXResourcesBuildPhase section */

/* Begin PBXSourcesBuildPhase section */
		329EA9E029AC083A00FD3C84 /* Sources */ = {
			isa = PBXSourcesBuildPhase;
			buildActionMask = 2147483647;
			files = (
				329EA9EA29AC083A00FD3C84 /* ContentView.swift in Sources */,
				329EA9E829AC083A00FD3C84 /* GuessTheFlagApp.swift in Sources */,
			);
			runOnlyForDeploymentPostprocessing = 0;
		};
		329EA9F129AC083C00FD3C84 /* Sources */ = {
			isa = PBXSourcesBuildPhase;
			buildActionMask = 2147483647;
			files = (
				329EA9FA29AC083C00FD3C84 /* GuessTheFlagTests.swift in Sources */,
			);
			runOnlyForDeploymentPostprocessing = 0;
		};
		329EA9FB29AC083C00FD3C84 /* Sources */ = {
			isa = PBXSourcesBuildPhase;
			buildActionMask = 2147483647;
			files = (
				329EAA0629AC083C00FD3C84 /* GuessTheFlagUITestsLaunchTests.swift in Sources */,
				329EAA0429AC083C00FD3C84 /* GuessTheFlagUITests.swift in Sources */,
			);
			runOnlyForDeploymentPostprocessing = 0;
		};
/* End PBXSourcesBuildPhase section */

/* Begin PBXTargetDependency section */
		329EA9F729AC083C00FD3C84 /* PBXTargetDependency */ = {
			isa = PBXTargetDependency;
			target = 329EA9E329AC083A00FD3C84 /* GuessTheFlag */;
			targetProxy = 329EA9F629AC083C00FD3C84 /* PBXContainerItemProxy */;
		};
		329EAA0129AC083C00FD3C84 /* PBXTargetDependency */ = {
			isa = PBXTargetDependency;
			target = 329EA9E329AC083A00FD3C84 /* GuessTheFlag */;
			targetProxy = 329EAA0029AC083C00FD3C84 /* PBXContainerItemProxy */;
		};
/* End PBXTargetDependency section */

/* Begin XCBuildConfiguration section */
		329EAA0729AC083C00FD3C84 /* Debug */ = {
			isa = XCBuildConfiguration;
			buildSettings = {
				ALWAYS_SEARCH_USER_PATHS = NO;
				CLANG_ANALYZER_NONNULL = YES;
				CLANG_ANALYZER_NUMBER_OBJECT_CONVERSION = YES_AGGRESSIVE;
				CLANG_CXX_LANGUAGE_STANDARD = "gnu++20";
				CLANG_ENABLE_MODULES = YES;
				CLANG_ENABLE_OBJC_ARC = YES;
				CLANG_ENABLE_OBJC_WEAK = YES;
				CLANG_WARN_BLOCK_CAPTURE_AUTORELEASING = YES;
				CLANG_WARN_BOOL_CONVERSION = YES;
				CLANG_WARN_COMMA = YES;
				CLANG_WARN_CONSTANT_CONVERSION = YES;
				CLANG_WARN_DEPRECATED_OBJC_IMPLEMENTATIONS = YES;
				CLANG_WARN_DIRECT_OBJC_ISA_USAGE = YES_ERROR;
				CLANG_WARN_DOCUMENTATION_COMMENTS = YES;
				CLANG_WARN_EMPTY_BODY = YES;
				CLANG_WARN_ENUM_CONVERSION = YES;
				CLANG_WARN_INFINITE_RECURSION = YES;
				CLANG_WARN_INT_CONVERSION = YES;
				CLANG_WARN_NON_LITERAL_NULL_CONVERSION = YES;
				CLANG_WARN_OBJC_IMPLICIT_RETAIN_SELF = YES;
				CLANG_WARN_OBJC_LITERAL_CONVERSION = YES;
				CLANG_WARN_OBJC_ROOT_CLASS = YES_ERROR;
				CLANG_WARN_QUOTED_INCLUDE_IN_FRAMEWORK_HEADER = YES;
				CLANG_WARN_RANGE_LOOP_ANALYSIS = YES;
				CLANG_WARN_STRICT_PROTOTYPES = YES;
				CLANG_WARN_SUSPICIOUS_MOVE = YES;
				CLANG_WARN_UNGUARDED_AVAILABILITY = YES_AGGRESSIVE;
				CLANG_WARN_UNREACHABLE_CODE = YES;
				CLANG_WARN__DUPLICATE_METHOD_MATCH = YES;
				COPY_PHASE_STRIP = NO;
				DEBUG_INFORMATION_FORMAT = dwarf;
				ENABLE_STRICT_OBJC_MSGSEND = YES;
				ENABLE_TESTABILITY = YES;
				GCC_C_LANGUAGE_STANDARD = gnu11;
				GCC_DYNAMIC_NO_PIC = NO;
				GCC_NO_COMMON_BLOCKS = YES;
				GCC_OPTIMIZATION_LEVEL = 0;
				GCC_PREPROCESSOR_DEFINITIONS = (
					"DEBUG=1",
					"$(inherited)",
				);
				GCC_WARN_64_TO_32_BIT_CONVERSION = YES;
				GCC_WARN_ABOUT_RETURN_TYPE = YES_ERROR;
				GCC_WARN_UNDECLARED_SELECTOR = YES;
				GCC_WARN_UNINITIALIZED_AUTOS = YES_AGGRESSIVE;
				GCC_WARN_UNUSED_FUNCTION = YES;
				GCC_WARN_UNUSED_VARIABLE = YES;
				MTL_ENABLE_DEBUG_INFO = INCLUDE_SOURCE;
				MTL_FAST_MATH = YES;
				ONLY_ACTIVE_ARCH = YES;
				SWIFT_ACTIVE_COMPILATION_CONDITIONS = DEBUG;
				SWIFT_OPTIMIZATION_LEVEL = "-Onone";
			};
			name = Debug;
		};
		329EAA0829AC083C00FD3C84 /* Release */ = {
			isa = XCBuildConfiguration;
			buildSettings = {
				ALWAYS_SEARCH_USER_PATHS = NO;
				CLANG_ANALYZER_NONNULL = YES;
				CLANG_ANALYZER_NUMBER_OBJECT_CONVERSION = YES_AGGRESSIVE;
				CLANG_CXX_LANGUAGE_STANDARD = "gnu++20";
				CLANG_ENABLE_MODULES = YES;
				CLANG_ENABLE_OBJC_ARC = YES;
				CLANG_ENABLE_OBJC_WEAK = YES;
				CLANG_WARN_BLOCK_CAPTURE_AUTORELEASING = YES;
				CLANG_WARN_BOOL_CONVERSION = YES;
				CLANG_WARN_COMMA = YES;
				CLANG_WARN_CONSTANT_CONVERSION = YES;
				CLANG_WARN_DEPRECATED_OBJC_IMPLEMENTATIONS = YES;
				CLANG_WARN_DIRECT_OBJC_ISA_USAGE = YES_ERROR;
				CLANG_WARN_DOCUMENTATION_COMMENTS = YES;
				CLANG_WARN_EMPTY_BODY = YES;
				CLANG_WARN_ENUM_CONVERSION = YES;
				CLANG_WARN_INFINITE_RECURSION = YES;
				CLANG_WARN_INT_CONVERSION = YES;
				CLANG_WARN_NON_LITERAL_NULL_CONVERSION = YES;
				CLANG_WARN_OBJC_IMPLICIT_RETAIN_SELF = YES;
				CLANG_WARN_OBJC_LITERAL_CONVERSION = YES;
				CLANG_WARN_OBJC_ROOT_CLASS = YES_ERROR;
				CLANG_WARN_QUOTED_INCLUDE_IN_FRAMEWORK_HEADER = YES;
				CLANG_WARN_RANGE_LOOP_ANALYSIS = YES;
				CLANG_WARN_STRICT_PROTOTYPES = YES;
				CLANG_WARN_SUSPICIOUS_MOVE = YES;
				CLANG_WARN_UNGUARDED_AVAILABILITY = YES_AGGRESSIVE;
				CLANG_WARN_UNREACHABLE_CODE = YES;
				CLANG_WARN__DUPLICATE_METHOD_MATCH = YES;
				COPY_PHASE_STRIP = NO;
				DEBUG_INFORMATION_FORMAT = "dwarf-with-dsym";
				ENABLE_NS_ASSERTIONS = NO;
				ENABLE_STRICT_OBJC_MSGSEND = YES;
				GCC_C_LANGUAGE_STANDARD = gnu11;
				GCC_NO_COMMON_BLOCKS = YES;
				GCC_WARN_64_TO_32_BIT_CONVERSION = YES;
				GCC_WARN_ABOUT_RETURN_TYPE = YES_ERROR;
				GCC_WARN_UNDECLARED_SELECTOR = YES;
				GCC_WARN_UNINITIALIZED_AUTOS = YES_AGGRESSIVE;
				GCC_WARN_UNUSED_FUNCTION = YES;
				GCC_WARN_UNUSED_VARIABLE = YES;
				MTL_ENABLE_DEBUG_INFO = NO;
				MTL_FAST_MATH = YES;
				SWIFT_COMPILATION_MODE = wholemodule;
				SWIFT_OPTIMIZATION_LEVEL = "-O";
			};
			name = Release;
		};
		329EAA0A29AC083C00FD3C84 /* Debug */ = {
			isa = XCBuildConfiguration;
			buildSettings = {
				ASSETCATALOG_COMPILER_APPICON_NAME = AppIcon;
				ASSETCATALOG_COMPILER_GLOBAL_ACCENT_COLOR_NAME = AccentColor;
				CODE_SIGN_ENTITLEMENTS = GuessTheFlag/GuessTheFlag.entitlements;
				CODE_SIGN_STYLE = Automatic;
				CURRENT_PROJECT_VERSION = 1;
				DEVELOPMENT_ASSET_PATHS = "\"GuessTheFlag/Preview Content\"";
				ENABLE_PREVIEWS = YES;
				GENERATE_INFOPLIST_FILE = YES;
				"INFOPLIST_KEY_UIApplicationSceneManifest_Generation[sdk=iphoneos*]" = YES;
				"INFOPLIST_KEY_UIApplicationSceneManifest_Generation[sdk=iphonesimulator*]" = YES;
				"INFOPLIST_KEY_UIApplicationSupportsIndirectInputEvents[sdk=iphoneos*]" = YES;
				"INFOPLIST_KEY_UIApplicationSupportsIndirectInputEvents[sdk=iphonesimulator*]" = YES;
				"INFOPLIST_KEY_UILaunchScreen_Generation[sdk=iphoneos*]" = YES;
				"INFOPLIST_KEY_UILaunchScreen_Generation[sdk=iphonesimulator*]" = YES;
				"INFOPLIST_KEY_UIStatusBarStyle[sdk=iphoneos*]" = UIStatusBarStyleDefault;
				"INFOPLIST_KEY_UIStatusBarStyle[sdk=iphonesimulator*]" = UIStatusBarStyleDefault;
				INFOPLIST_KEY_UISupportedInterfaceOrientations_iPad = "UIInterfaceOrientationPortrait UIInterfaceOrientationPortraitUpsideDown UIInterfaceOrientationLandscapeLeft UIInterfaceOrientationLandscapeRight";
				INFOPLIST_KEY_UISupportedInterfaceOrientations_iPhone = "UIInterfaceOrientationPortrait UIInterfaceOrientationLandscapeLeft UIInterfaceOrientationLandscapeRight";
				IPHONEOS_DEPLOYMENT_TARGET = 16.2;
				LD_RUNPATH_SEARCH_PATHS = "@executable_path/Frameworks";
				"LD_RUNPATH_SEARCH_PATHS[sdk=macosx*]" = "@executable_path/../Frameworks";
				MACOSX_DEPLOYMENT_TARGET = 13.1;
				MARKETING_VERSION = 1.0;
				PRODUCT_BUNDLE_IDENTIFIER = bland.gg.GuessTheFlag;
				PRODUCT_NAME = "$(TARGET_NAME)";
				SDKROOT = auto;
				SUPPORTED_PLATFORMS = "iphoneos iphonesimulator macosx";
				SWIFT_EMIT_LOC_STRINGS = YES;
				SWIFT_VERSION = 5.0;
				TARGETED_DEVICE_FAMILY = "1,2";
			};
			name = Debug;
		};
		329EAA0B29AC083C00FD3C84 /* Release */ = {
			isa = XCBuildConfiguration;
			buildSettings = {
				ASSETCATALOG_COMPILER_APPICON_NAME = AppIcon;
				ASSETCATALOG_COMPILER_GLOBAL_ACCENT_COLOR_NAME = AccentColor;
				CODE_SIGN_ENTITLEMENTS = GuessTheFlag/GuessTheFlag.entitlements;
				CODE_SIGN_STYLE = Automatic;
				CURRENT_PROJECT_VERSION = 1;
				DEVELOPMENT_ASSET_PATHS = "\"GuessTheFlag/Preview Content\"";
				ENABLE_PREVIEWS = YES;
				GENERATE_INFOPLIST_FILE = YES;
				"INFOPLIST_KEY_UIApplicationSceneManifest_Generation[sdk=iphoneos*]" = YES;
				"INFOPLIST_KEY_UIApplicationSceneManifest_Generation[sdk=iphonesimulator*]" = YES;
				"INFOPLIST_KEY_UIApplicationSupportsIndirectInputEvents[sdk=iphoneos*]" = YES;
				"INFOPLIST_KEY_UIApplicationSupportsIndirectInputEvents[sdk=iphonesimulator*]" = YES;
				"INFOPLIST_KEY_UILaunchScreen_Generation[sdk=iphoneos*]" = YES;
				"INFOPLIST_KEY_UILaunchScreen_Generation[sdk=iphonesimulator*]" = YES;
				"INFOPLIST_KEY_UIStatusBarStyle[sdk=iphoneos*]" = UIStatusBarStyleDefault;
				"INFOPLIST_KEY_UIStatusBarStyle[sdk=iphonesimulator*]" = UIStatusBarStyleDefault;
				INFOPLIST_KEY_UISupportedInterfaceOrientations_iPad = "UIInterfaceOrientationPortrait UIInterfaceOrientationPortraitUpsideDown UIInterfaceOrientationLandscapeLeft UIInterfaceOrientationLandscapeRight";
				INFOPLIST_KEY_UISupportedInterfaceOrientations_iPhone = "UIInterfaceOrientationPortrait UIInterfaceOrientationLandscapeLeft UIInterfaceOrientationLandscapeRight";
				IPHONEOS_DEPLOYMENT_TARGET = 16.2;
				LD_RUNPATH_SEARCH_PATHS = "@executable_path/Frameworks";
				"LD_RUNPATH_SEARCH_PATHS[sdk=macosx*]" = "@executable_path/../Frameworks";
				MACOSX_DEPLOYMENT_TARGET = 13.1;
				MARKETING_VERSION = 1.0;
				PRODUCT_BUNDLE_IDENTIFIER = bland.gg.GuessTheFlag;
				PRODUCT_NAME = "$(TARGET_NAME)";
				SDKROOT = auto;
				SUPPORTED_PLATFORMS = "iphoneos iphonesimulator macosx";
				SWIFT_EMIT_LOC_STRINGS = YES;
				SWIFT_VERSION = 5.0;
				TARGETED_DEVICE_FAMILY = "1,2";
			};
			name = Release;
		};
		329EAA0D29AC083C00FD3C84 /* Debug */ = {
			isa = XCBuildConfiguration;
			buildSettings = {
				ALWAYS_EMBED_SWIFT_STANDARD_LIBRARIES = YES;
				BUNDLE_LOADER = "$(TEST_HOST)";
				CODE_SIGN_STYLE = Automatic;
				CURRENT_PROJECT_VERSION = 1;
				GENERATE_INFOPLIST_FILE = YES;
				IPHONEOS_DEPLOYMENT_TARGET = 16.2;
				MACOSX_DEPLOYMENT_TARGET = 13.1;
				MARKETING_VERSION = 1.0;
				PRODUCT_BUNDLE_IDENTIFIER = bland.gg.GuessTheFlagTests;
				PRODUCT_NAME = "$(TARGET_NAME)";
				SDKROOT = auto;
				SUPPORTED_PLATFORMS = "iphoneos iphonesimulator macosx";
				SWIFT_EMIT_LOC_STRINGS = NO;
				SWIFT_VERSION = 5.0;
				TARGETED_DEVICE_FAMILY = "1,2";
				TEST_HOST = "$(BUILT_PRODUCTS_DIR)/GuessTheFlag.app/$(BUNDLE_EXECUTABLE_FOLDER_PATH)/GuessTheFlag";
			};
			name = Debug;
		};
		329EAA0E29AC083C00FD3C84 /* Release */ = {
			isa = XCBuildConfiguration;
			buildSettings = {
				ALWAYS_EMBED_SWIFT_STANDARD_LIBRARIES = YES;
				BUNDLE_LOADER = "$(TEST_HOST)";
				CODE_SIGN_STYLE = Automatic;
				CURRENT_PROJECT_VERSION = 1;
				GENERATE_INFOPLIST_FILE = YES;
				IPHONEOS_DEPLOYMENT_TARGET = 16.2;
				MACOSX_DEPLOYMENT_TARGET = 13.1;
				MARKETING_VERSION = 1.0;
				PRODUCT_BUNDLE_IDENTIFIER = bland.gg.GuessTheFlagTests;
				PRODUCT_NAME = "$(TARGET_NAME)";
				SDKROOT = auto;
				SUPPORTED_PLATFORMS = "iphoneos iphonesimulator macosx";
				SWIFT_EMIT_LOC_STRINGS = NO;
				SWIFT_VERSION = 5.0;
				TARGETED_DEVICE_FAMILY = "1,2";
				TEST_HOST = "$(BUILT_PRODUCTS_DIR)/GuessTheFlag.app/$(BUNDLE_EXECUTABLE_FOLDER_PATH)/GuessTheFlag";
			};
			name = Release;
		};
		329EAA1029AC083C00FD3C84 /* Debug */ = {
			isa = XCBuildConfiguration;
			buildSettings = {
				ALWAYS_EMBED_SWIFT_STANDARD_LIBRARIES = YES;
				CODE_SIGN_STYLE = Automatic;
				CURRENT_PROJECT_VERSION = 1;
				GENERATE_INFOPLIST_FILE = YES;
				IPHONEOS_DEPLOYMENT_TARGET = 16.2;
				MACOSX_DEPLOYMENT_TARGET = 13.1;
				MARKETING_VERSION = 1.0;
				PRODUCT_BUNDLE_IDENTIFIER = bland.gg.GuessTheFlagUITests;
				PRODUCT_NAME = "$(TARGET_NAME)";
				SDKROOT = auto;
				SUPPORTED_PLATFORMS = "iphoneos iphonesimulator macosx";
				SWIFT_EMIT_LOC_STRINGS = NO;
				SWIFT_VERSION = 5.0;
				TARGETED_DEVICE_FAMILY = "1,2";
				TEST_TARGET_NAME = GuessTheFlag;
			};
			name = Debug;
		};
		329EAA1129AC083C00FD3C84 /* Release */ = {
			isa = XCBuildConfiguration;
			buildSettings = {
				ALWAYS_EMBED_SWIFT_STANDARD_LIBRARIES = YES;
				CODE_SIGN_STYLE = Automatic;
				CURRENT_PROJECT_VERSION = 1;
				GENERATE_INFOPLIST_FILE = YES;
				IPHONEOS_DEPLOYMENT_TARGET = 16.2;
				MACOSX_DEPLOYMENT_TARGET = 13.1;
				MARKETING_VERSION = 1.0;
				PRODUCT_BUNDLE_IDENTIFIER = bland.gg.GuessTheFlagUITests;
				PRODUCT_NAME = "$(TARGET_NAME)";
				SDKROOT = auto;
				SUPPORTED_PLATFORMS = "iphoneos iphonesimulator macosx";
				SWIFT_EMIT_LOC_STRINGS = NO;
				SWIFT_VERSION = 5.0;
				TARGETED_DEVICE_FAMILY = "1,2";
				TEST_TARGET_NAME = GuessTheFlag;
			};
			name = Release;
		};
/* End XCBuildConfiguration section */

/* Begin XCConfigurationList section */
		329EA9DF29AC083A00FD3C84 /* Build configuration list for PBXProject "GuessTheFlag" */ = {
			isa = XCConfigurationList;
			buildConfigurations = (
				329EAA0729AC083C00FD3C84 /* Debug */,
				329EAA0829AC083C00FD3C84 /* Release */,
			);
			defaultConfigurationIsVisible = 0;
			defaultConfigurationName = Release;
		};
		329EAA0929AC083C00FD3C84 /* Build configuration list for PBXNativeTarget "GuessTheFlag" */ = {
			isa = XCConfigurationList;
			buildConfigurations = (
				329EAA0A29AC083C00FD3C84 /* Debug */,
				329EAA0B29AC083C00FD3C84 /* Release */,
			);
			defaultConfigurationIsVisible = 0;
			defaultConfigurationName = Release;
		};
		329EAA0C29AC083C00FD3C84 /* Build configuration list for PBXNativeTarget "GuessTheFlagTests" */ = {
			isa = XCConfigurationList;
			buildConfigurations = (
				329EAA0D29AC083C00FD3C84 /* Debug */,
				329EAA0E29AC083C00FD3C84 /* Release */,
			);
			defaultConfigurationIsVisible = 0;
			defaultConfigurationName = Release;
		};
		329EAA0F29AC083C00FD3C84 /* Build configuration list for PBXNativeTarget "GuessTheFlagUITests" */ = {
			isa = XCConfigurationList;
			buildConfigurations = (
				329EAA1029AC083C00FD3C84 /* Debug */,
				329EAA1129AC083C00FD3C84 /* Release */,
			);
			defaultConfigurationIsVisible = 0;
			defaultConfigurationName = Release;
		};
/* End XCConfigurationList section */
	};
	rootObject = 329EA9DC29AC083A00FD3C84 /* Project object */;
}
